
Microsoft Visual Studio Solution File, Format Version 12.00
# Visual Studio Version 17
VisualStudioVersion = 17.5.33627.172
MinimumVisualStudioVersion = 10.0.40219.1
Project("{9A19103F-16F7-4668-BE54-9A1E7A4F7556}") = "Creational", "DesignPatterns01\Creational.csproj", "{5716FA04-D201-4583-B052-26AE649BAA1B}"
EndProject
Project("{2150E333-8FDC-42A3-9474-1A3956D46DE8}") = "Solution Items", "Solution Items", "{28F5DE6F-A600-4704-B138-53C5492EB9CD}"
	ProjectSection(SolutionItems) = preProject
		.gitignore = .gitignore
	EndProjectSection
EndProject
Project("{FAE04EC0-301F-11D3-BF4B-00C04F79EFBC}") = "Structural", "Structural\Structural.csproj", "{D70E3959-8ACE-4099-9C2A-7AC0BB8EB765}"
EndProject
Global
	GlobalSection(SolutionConfigurationPlatforms) = preSolution
		Debug|Any CPU = Debug|Any CPU
		Release|Any CPU = Release|Any CPU
	EndGlobalSection
	GlobalSection(ProjectConfigurationPlatforms) = postSolution
		{5716FA04-D201-4583-B052-26AE649BAA1B}.Debug|Any CPU.ActiveCfg = Debug|Any CPU
		{5716FA04-D201-4583-B052-26AE649BAA1B}.Debug|Any CPU.Build.0 = Debug|Any CPU
		{5716FA04-D201-4583-B052-26AE649BAA1B}.Release|Any CPU.ActiveCfg = Release|Any CPU
		{5716FA04-D201-4583-B052-26AE649BAA1B}.Release|Any CPU.Build.0 = Release|Any CPU
		{D70E3959-8ACE-4099-9C2A-7AC0BB8EB765}.Debug|Any CPU.ActiveCfg = Debug|Any CPU
		{D70E3959-8ACE-4099-9C2A-7AC0BB8EB765}.Debug|Any CPU.Build.0 = Debug|Any CPU
		{D70E3959-8ACE-4099-9C2A-7AC0BB8EB765}.Release|Any CPU.ActiveCfg = Release|Any CPU
		{D70E3959-8ACE-4099-9C2A-7AC0BB8EB765}.Release|Any CPU.Build.0 = Release|Any CPU
	EndGlobalSection
	GlobalSection(SolutionProperties) = preSolution
		HideSolutionNode = FALSE
	EndGlobalSection
	GlobalSection(ExtensibilityGlobals) = postSolution
		SolutionGuid = {C1C9225E-9426-4BA9-A075-628D1E35E905}
	EndGlobalSection
EndGlobal
